
Microsoft Visual Studio Solution File, Format Version 12.00
# Visual Studio Version 17
VisualStudioVersion = 17.14.36202.13 d17.14
MinimumVisualStudioVersion = 10.0.40219.1
Project("{FAE04EC0-301F-11D3-BF4B-00C04F79EFBC}") = "calc_juros", "calc_juros\calc_juros.csproj", "{8347A122-6556-4123-8144-E8DEE6A446F2}"
EndProject
Global
	GlobalSection(SolutionConfigurationPlatforms) = preSolution
		Debug|Any CPU = Debug|Any CPU
		Release|Any CPU = Release|Any CPU
	EndGlobalSection
	GlobalSection(ProjectConfigurationPlatforms) = postSolution
		{8347A122-6556-4123-8144-E8DEE6A446F2}.Debug|Any CPU.ActiveCfg = Debug|Any CPU
		{8347A122-6556-4123-8144-E8DEE6A446F2}.Debug|Any CPU.Build.0 = Debug|Any CPU
		{8347A122-6556-4123-8144-E8DEE6A446F2}.Release|Any CPU.ActiveCfg = Release|Any CPU
		{8347A122-6556-4123-8144-E8DEE6A446F2}.Release|Any CPU.Build.0 = Release|Any CPU
	EndGlobalSection
	GlobalSection(SolutionProperties) = preSolution
		HideSolutionNode = FALSE
	EndGlobalSection
	GlobalSection(ExtensibilityGlobals) = postSolution
		SolutionGuid = {2BB409B5-80AC-4E23-B060-CB7485146183}
	EndGlobalSection
EndGlobal
